
Microsoft Visual Studio Solution File, Format Version 12.00
# Visual Studio Version 17
VisualStudioVersion = 17.0.31903.59
MinimumVisualStudioVersion = 10.0.40219.1
Project("{FAE04EC0-301F-11D3-BF4B-00C04F79EFBC}") = "PrimeService", "PrimeService\PrimeService.csproj", "{2C21B372-23BF-4CF3-990D-3D8ED979ECBC}"
EndProject
Project("{FAE04EC0-301F-11D3-BF4B-00C04F79EFBC}") = "PrimeService.Tests", "PrimeService.Tests\PrimeService.Tests.csproj", "{3E787E00-480B-43F2-BD0E-DCFA34FBE1FC}"
EndProject
Global
	GlobalSection(SolutionConfigurationPlatforms) = preSolution
		Debug|Any CPU = Debug|Any CPU
		Release|Any CPU = Release|Any CPU
	EndGlobalSection
	GlobalSection(SolutionProperties) = preSolution
		HideSolutionNode = FALSE
	EndGlobalSection
	GlobalSection(ProjectConfigurationPlatforms) = postSolution
		{2C21B372-23BF-4CF3-990D-3D8ED979ECBC}.Debug|Any CPU.ActiveCfg = Debug|Any CPU
		{2C21B372-23BF-4CF3-990D-3D8ED979ECBC}.Debug|Any CPU.Build.0 = Debug|Any CPU
		{2C21B372-23BF-4CF3-990D-3D8ED979ECBC}.Release|Any CPU.ActiveCfg = Release|Any CPU
		{2C21B372-23BF-4CF3-990D-3D8ED979ECBC}.Release|Any CPU.Build.0 = Release|Any CPU
		{3E787E00-480B-43F2-BD0E-DCFA34FBE1FC}.Debug|Any CPU.ActiveCfg = Debug|Any CPU
		{3E787E00-480B-43F2-BD0E-DCFA34FBE1FC}.Debug|Any CPU.Build.0 = Debug|Any CPU
		{3E787E00-480B-43F2-BD0E-DCFA34FBE1FC}.Release|Any CPU.ActiveCfg = Release|Any CPU
		{3E787E00-480B-43F2-BD0E-DCFA34FBE1FC}.Release|Any CPU.Build.0 = Release|Any CPU
	EndGlobalSection
EndGlobal
